# THIS IS AN AUTOGENERATED FILE. DO NOT EDIT THIS FILE DIRECTLY.
# yarn lockfile v1


"@babel/runtime@^7.9.2":
  version "7.9.2"
  resolved "https://registry.yarnpkg.com/@babel/runtime/-/runtime-7.9.2.tgz#d90df0583a3a252f09aaa619665367bae518db06"
  integrity sha512-NE2DtOdufG7R5vnfQUTehdTfNycfUANEtCa9PssN9O/xmTzP4E08UI797ixaei6hBEVL9BI/PsdJS5x7mWoB9Q==
  dependencies:
    regenerator-runtime "^0.13.4"

"@polkadot/api-derive@1.11.2":
  version "1.11.2"
  resolved "https://registry.yarnpkg.com/@polkadot/api-derive/-/api-derive-1.11.2.tgz#e9b01b0f08aa25ec7842973b4c884d6b74996bb6"
  integrity sha512-jwU8oZItbJWKOIF/mJDTjkGV2t8Fz45ZR5WbPPWid7ojzPyswQx+qepVco8j1lGvFs4i+kKG4B01OCJ2KErTzA==
  dependencies:
    "@babel/runtime" "^7.9.2"
    "@polkadot/api" "1.11.2"
    "@polkadot/rpc-core" "1.11.2"
    "@polkadot/rpc-provider" "1.11.2"
    "@polkadot/types" "1.11.2"
    "@polkadot/util" "^2.8.1"
    "@polkadot/util-crypto" "^2.8.1"
    bn.js "^5.1.1"
    memoizee "^0.4.14"
    rxjs "^6.5.5"

"@polkadot/api@1.11.2", "@polkadot/api@^1.10.1":
  version "1.11.2"
  resolved "https://registry.yarnpkg.com/@polkadot/api/-/api-1.11.2.tgz#f039af0ac06f7a0744e8f7b9d278f85ae2c7c0bf"
  integrity sha512-SAuPPtEXfCMl3yCGN22sJmuiWKR0epU79KRKEqpp6pvZ2fMw7lIg1pW6KYn/bhaQUSEsS0cUJVSfz7UjKanA2w==
  dependencies:
    "@babel/runtime" "^7.9.2"
    "@polkadot/api-derive" "1.11.2"
    "@polkadot/keyring" "^2.8.1"
    "@polkadot/metadata" "1.11.2"
    "@polkadot/rpc-core" "1.11.2"
    "@polkadot/rpc-provider" "1.11.2"
    "@polkadot/types" "1.11.2"
    "@polkadot/types-known" "1.11.2"
    "@polkadot/util" "^2.8.1"
    "@polkadot/util-crypto" "^2.8.1"
    bn.js "^5.1.1"
    eventemitter3 "^4.0.0"
    rxjs "^6.5.5"

"@polkadot/keyring@^2.8.1":
  version "2.8.1"
  resolved "https://registry.yarnpkg.com/@polkadot/keyring/-/keyring-2.8.1.tgz#befc87d262a3c00a70e9b9bde7ed9c89e88ebc46"
  integrity sha512-VYuFucacGqOB6ZmSN/3/vUvEMFaOg7NmGcWLnjiGY7T5W3Qv8Up/3zGbnt9UspDcQckoQsIumQyfkeLAjcRjoA==
  dependencies:
    "@babel/runtime" "^7.9.2"
    "@polkadot/util" "2.8.1"
    "@polkadot/util-crypto" "2.8.1"

"@polkadot/metadata@1.11.2":
  version "1.11.2"
  resolved "https://registry.yarnpkg.com/@polkadot/metadata/-/metadata-1.11.2.tgz#19c13a02a37de3b7d8076594d755447d2e6fa09b"
  integrity sha512-GI3c3oa3EBoorUG0HoJrjCYJC+jbnJrMXqchkfuZ5tObCm0f5a7OBfiA89rPJFtxrKrUTPR+4fV1d/UtFHysAw==
  dependencies:
    "@babel/runtime" "^7.9.2"
    "@polkadot/types" "1.11.2"
    "@polkadot/types-known" "1.11.2"
    "@polkadot/util" "^2.8.1"
    "@polkadot/util-crypto" "^2.8.1"
    bn.js "^5.1.1"

"@polkadot/rpc-core@1.11.2":
  version "1.11.2"
  resolved "https://registry.yarnpkg.com/@polkadot/rpc-core/-/rpc-core-1.11.2.tgz#cf345ea13aae7d04e311b4b50540e4f65624c601"
  integrity sha512-m3TUS67ucNsfE02hbvJBzteEfHjOkmMaM92OB8GOIVKXB+PHU4BHokM53B+8WvLru9oiTYtqDRgC+jpTOwopbg==
  dependencies:
    "@babel/runtime" "^7.9.2"
    "@polkadot/metadata" "1.11.2"
    "@polkadot/rpc-provider" "1.11.2"
    "@polkadot/types" "1.11.2"
    "@polkadot/util" "^2.8.1"
    memoizee "^0.4.14"
    rxjs "^6.5.5"

"@polkadot/rpc-provider@1.11.2":
  version "1.11.2"
  resolved "https://registry.yarnpkg.com/@polkadot/rpc-provider/-/rpc-provider-1.11.2.tgz#adcea4fd9e996aa468370e84a431ab159300a27c"
  integrity sha512-VwcE4vHsVfXck+Cviug5KbHgmFb1u/YOrmsZGS8ZZ979q7QqbxohgtMW0pIGJddS7og2GYpiMelB6JXO3MG70g==
  dependencies:
    "@babel/runtime" "^7.9.2"
    "@polkadot/metadata" "1.11.2"
    "@polkadot/types" "1.11.2"
    "@polkadot/util" "^2.8.1"
    "@polkadot/util-crypto" "^2.8.1"
    bn.js "^5.1.1"
    eventemitter3 "^4.0.0"
    isomorphic-fetch "^2.2.1"
    websocket "^1.0.31"

"@polkadot/types-known@1.11.2":
  version "1.11.2"
  resolved "https://registry.yarnpkg.com/@polkadot/types-known/-/types-known-1.11.2.tgz#f0e2ffae750454b34b1869b6c64c60b59e5f67af"
  integrity sha512-ShrXGzHKNoZ6Ai6huWuafxVxRFKiV63nt9rM01DqzsgA1ILvPuB7b96ROe7P8tExFplZhuZkY6Wc+ITuAgdCDg==
  dependencies:
    "@babel/runtime" "^7.9.2"
    "@polkadot/types" "1.11.2"
    "@polkadot/util" "^2.8.1"
    bn.js "^5.1.1"

"@polkadot/types@1.11.2":
  version "1.11.2"
  resolved "https://registry.yarnpkg.com/@polkadot/types/-/types-1.11.2.tgz#65c338172ce9bf3406e54db4f945b66056d8a280"
  integrity sha512-8OKeviT8RcxewvCE27FNiH/j2CRAcwbozaHtys4oVeoNkjcXMPC95YB2ZWv1Q7u7qn8LVFt3sfAyqmKt367aow==
  dependencies:
    "@babel/runtime" "^7.9.2"
    "@polkadot/metadata" "1.11.2"
    "@polkadot/util" "^2.8.1"
    "@polkadot/util-crypto" "^2.8.1"
    "@types/bn.js" "^4.11.6"
    bn.js "^5.1.1"
    memoizee "^0.4.14"
    rxjs "^6.5.5"

"@polkadot/util-crypto@2.8.1", "@polkadot/util-crypto@^2.8.1":
  version "2.8.1"
  resolved "https://registry.yarnpkg.com/@polkadot/util-crypto/-/util-crypto-2.8.1.tgz#ae49d5efa79d7f234f7caf57d33bb91993097d72"
  integrity sha512-vakpc/2PVGvQ3rEaCS3QnZlf74WA5U45MBNqK0Q6Yj4fGAYzTcKPKFGeoxxSenrVr/nKp2N1osXqcIOYsuCzHw==
  dependencies:
    "@babel/runtime" "^7.9.2"
    "@polkadot/util" "2.8.1"
    "@polkadot/wasm-crypto" "^1.2.1"
    base-x "^3.0.8"
    bip39 "^3.0.2"
    blakejs "^1.1.0"
    bn.js "^5.1.1"
    bs58 "^4.0.1"
    elliptic "^6.5.2"
    js-sha3 "^0.8.0"
    pbkdf2 "^3.0.17"
    tweetnacl "^1.0.3"
    xxhashjs "^0.2.2"

"@polkadot/util@2.8.1", "@polkadot/util@^2.8.1":
  version "2.8.1"
  resolved "https://registry.yarnpkg.com/@polkadot/util/-/util-2.8.1.tgz#bc625df27c34193627da9f0db37b757b297858fb"
  integrity sha512-OUc/Jn41wd1G9D36J8mqjxAr3LBoxenuylQGXxQyf48/9fMVeUMb5i3wrWiVu2bO21OOXh85HhbUyLvX4V6nLw==
  dependencies:
    "@babel/runtime" "^7.9.2"
    "@types/bn.js" "^4.11.6"
    bn.js "^5.1.1"
    camelcase "^5.3.1"
    chalk "^4.0.0"
    ip-regex "^4.1.0"

"@polkadot/wasm-crypto@^1.2.1":
  version "1.2.1"
  resolved "https://registry.yarnpkg.com/@polkadot/wasm-crypto/-/wasm-crypto-1.2.1.tgz#2189702447acd28d763886359576c87562241767"
  integrity sha512-nckIoZBV4nBZdeKwFwH5t7skS7L7GO5EFUl5B1F6uCjUfdNpDz3DtqbYQHcLdCZNmG4TDLg6w/1J+rkl2SiUZw==

"@types/bn.js@^4.11.6":
  version "4.11.6"
  resolved "https://registry.yarnpkg.com/@types/bn.js/-/bn.js-4.11.6.tgz#c306c70d9358aaea33cd4eda092a742b9505967c"
  integrity sha512-pqr857jrp2kPuO9uRjZ3PwnJTjoQy+fcdxvBTvHm6dkmEL9q+hDD/2j/0ELOBPtPnS8LjCX0gI9nbl8lVkadpg==
  dependencies:
    "@types/node" "*"

"@types/color-name@^1.1.1":
  version "1.1.1"
  resolved "https://registry.yarnpkg.com/@types/color-name/-/color-name-1.1.1.tgz#1c1261bbeaa10a8055bbc5d8ab84b7b2afc846a0"
  integrity sha512-rr+OQyAjxze7GgWrSaJwydHStIhHq2lvY3BOC2Mj7KnzI7XK0Uw1TOOdI9lDoajEbSWLiYgoo4f1R51erQfhPQ==

"@types/node@*":
  version "13.13.2"
  resolved "https://registry.yarnpkg.com/@types/node/-/node-13.13.2.tgz#160d82623610db590a64e8ca81784e11117e5a54"
  integrity sha512-LB2R1Oyhpg8gu4SON/mfforE525+Hi/M1ineICEDftqNVTyFg1aRIeGuTvXAoWHc4nbrFncWtJgMmoyRvuGh7A==

"@types/node@11.11.6":
  version "11.11.6"
  resolved "https://registry.yarnpkg.com/@types/node/-/node-11.11.6.tgz#df929d1bb2eee5afdda598a41930fe50b43eaa6a"
  integrity sha512-Exw4yUWMBXM3X+8oqzJNRqZSwUAaS4+7NdvHqQuFi/d+synz++xmX3QIf+BFqneW8N31R8Ky+sikfZUXq07ggQ==

ansi-styles@^4.1.0:
  version "4.2.1"
  resolved "https://registry.yarnpkg.com/ansi-styles/-/ansi-styles-4.2.1.tgz#90ae75c424d008d2624c5bf29ead3177ebfcf359"
  integrity sha512-9VGjrMsG1vePxcSweQsN20KY/c4zN0h9fLjqAbwbPfahM3t+NL+M9HC8xeXG2I8pX5NoamTGNuomEUFI7fcUjA==
  dependencies:
    "@types/color-name" "^1.1.1"
    color-convert "^2.0.1"

base-x@^3.0.2, base-x@^3.0.8:
  version "3.0.8"
  resolved "https://registry.yarnpkg.com/base-x/-/base-x-3.0.8.tgz#1e1106c2537f0162e8b52474a557ebb09000018d"
  integrity sha512-Rl/1AWP4J/zRrk54hhlxH4drNxPJXYUaKffODVI53/dAsV4t9fBxyxYKAVPU1XBHxYwOWP9h9H0hM2MVw4YfJA==
  dependencies:
    safe-buffer "^5.0.1"

better-curry@1.x.x:
  version "1.6.0"
  resolved "https://registry.yarnpkg.com/better-curry/-/better-curry-1.6.0.tgz#38f716b24c8cee07a262abc41c22c314e20e3869"
  integrity sha1-OPcWskyM7geiYqvEHCLDFOIOOGk=

bip39@^3.0.2:
  version "3.0.2"
  resolved "https://registry.yarnpkg.com/bip39/-/bip39-3.0.2.tgz#2baf42ff3071fc9ddd5103de92e8f80d9257ee32"
  integrity sha512-J4E1r2N0tUylTKt07ibXvhpT2c5pyAFgvuA5q1H9uDy6dEGpjV8jmymh3MTYJDLCNbIVClSB9FbND49I6N24MQ==
  dependencies:
    "@types/node" "11.11.6"
    create-hash "^1.1.0"
    pbkdf2 "^3.0.9"
    randombytes "^2.0.1"

blakejs@^1.1.0:
  version "1.1.0"
  resolved "https://registry.yarnpkg.com/blakejs/-/blakejs-1.1.0.tgz#69df92ef953aa88ca51a32df6ab1c54a155fc7a5"
  integrity sha1-ad+S75U6qIylGjLfarHFShVfx6U=

bn.js@^4.4.0:
  version "4.11.8"
  resolved "https://registry.yarnpkg.com/bn.js/-/bn.js-4.11.8.tgz#2cde09eb5ee341f484746bb0309b3253b1b1442f"
  integrity sha512-ItfYfPLkWHUjckQCk8xC+LwxgK8NYcXywGigJgSwOP8Y2iyWT4f2vsZnoOXTTbo+o5yXmIUJ4gn5538SO5S3gA==

bn.js@^5.1.1:
  version "5.1.1"
  resolved "https://registry.yarnpkg.com/bn.js/-/bn.js-5.1.1.tgz#48efc4031a9c4041b9c99c6941d903463ab62eb5"
  integrity sha512-IUTD/REb78Z2eodka1QZyyEk66pciRcP6Sroka0aI3tG/iwIdYLrBD62RsubR7vqdt3WyX8p4jxeatzmRSphtA==

brorand@^1.0.1:
  version "1.1.0"
  resolved "https://registry.yarnpkg.com/brorand/-/brorand-1.1.0.tgz#12c25efe40a45e3c323eb8675a0a0ce57b22371f"
  integrity sha1-EsJe/kCkXjwyPrhnWgoM5XsiNx8=

bs58@^4.0.1:
  version "4.0.1"
  resolved "https://registry.yarnpkg.com/bs58/-/bs58-4.0.1.tgz#be161e76c354f6f788ae4071f63f34e8c4f0a42a"
  integrity sha1-vhYedsNU9veIrkBx9j806MTwpCo=
  dependencies:
    base-x "^3.0.2"

camelcase@^5.0.0, camelcase@^5.3.1:
  version "5.3.1"
  resolved "https://registry.yarnpkg.com/camelcase/-/camelcase-5.3.1.tgz#e3c9b31569e106811df242f715725a1f4c494320"
  integrity sha512-L28STB170nwWS63UjtlEOE3dldQApaJXZkOI1uMFfzf3rRuPegHaHesyee+YxQ+W6SvRDQV6UrdOdRiR153wJg==

chalk@^4.0.0:
  version "4.0.0"
  resolved "https://registry.yarnpkg.com/chalk/-/chalk-4.0.0.tgz#6e98081ed2d17faab615eb52ac66ec1fe6209e72"
  integrity sha512-N9oWFcegS0sFr9oh1oz2d7Npos6vNoWW9HvtCg5N1KRFpUhaAhvTv5Y58g880fZaEYSNm3qDz8SU1UrGvp+n7A==
  dependencies:
    ansi-styles "^4.1.0"
    supports-color "^7.1.0"

cipher-base@^1.0.1, cipher-base@^1.0.3:
  version "1.0.4"
  resolved "https://registry.yarnpkg.com/cipher-base/-/cipher-base-1.0.4.tgz#8760e4ecc272f4c363532f926d874aae2c1397de"
  integrity sha512-Kkht5ye6ZGmwv40uUDZztayT2ThLQGfnj/T71N/XzeZeo3nf8foyW7zGTsPYkEya3m5f3cAypH+qe7YOrM1U2Q==
  dependencies:
    inherits "^2.0.1"
    safe-buffer "^5.0.1"

color-convert@^2.0.1:
  version "2.0.1"
  resolved "https://registry.yarnpkg.com/color-convert/-/color-convert-2.0.1.tgz#72d3a68d598c9bdb3af2ad1e84f21d896abd4de3"
  integrity sha512-RRECPsj7iu/xb5oKYcsFHSppFNnsj/52OVTRKb4zP5onXwVF3zVmmToNcOfGC+CRDpfK/U584fMg38ZHCaElKQ==
  dependencies:
    color-name "~1.1.4"

color-name@~1.1.4:
  version "1.1.4"
  resolved "https://registry.yarnpkg.com/color-name/-/color-name-1.1.4.tgz#c2a09a87acbde69543de6f63fa3995c826c536a2"
  integrity sha512-dOy+3AuW3a2wNbZHIuMZpTcgjGuLU/uBL/ubcZF9OXbDo8ff4O8yVp5Bf0efS8uEoYo5q4Fx7dY9OgQGXgAsQA==

commander@^5.1.0:
  version "5.1.0"
  resolved "https://registry.yarnpkg.com/commander/-/commander-5.1.0.tgz#46abbd1652f8e059bddaef99bbdcb2ad9cf179ae"
  integrity sha512-P0CysNDQ7rtVw4QIQtm+MRxV66vKFSvlsQvGYXZWR3qFU0jlMKHZZZgw8e+8DSah4UDKMqnknRDQz+xuQXQ/Zg==

convict@^5.2.0:
  version "5.2.0"
  resolved "https://registry.yarnpkg.com/convict/-/convict-5.2.0.tgz#4c01fa06885b8c4a4ffc98b7de43222fe6c876dc"
  integrity sha512-C3cdUwo47cCikZNzu5Vv8AL0MuXVVeg9t/Gyr9qyK5ZpCjOkMPmJ85KUF3CowNeSfj4UtztHxS+hoO9wGRh6kg==
  dependencies:
    json5 "2.1.0"
    lodash.clonedeep "4.5.0"
    moment "2.24.0"
    validator "11.1.0"
    yargs-parser "13.0.0"

create-hash@^1.1.0, create-hash@^1.1.2:
  version "1.2.0"
  resolved "https://registry.yarnpkg.com/create-hash/-/create-hash-1.2.0.tgz#889078af11a63756bcfb59bd221996be3a9ef196"
  integrity sha512-z00bCGNHDG8mHAkP7CtT1qVu+bFQUPjYq/4Iv3C3kWjTFV10zIjfSoeqXo9Asws8gwSHDGj/hl2u4OGIjapeCg==
  dependencies:
    cipher-base "^1.0.1"
    inherits "^2.0.1"
    md5.js "^1.3.4"
    ripemd160 "^2.0.1"
    sha.js "^2.4.0"

create-hmac@^1.1.4:
  version "1.1.7"
  resolved "https://registry.yarnpkg.com/create-hmac/-/create-hmac-1.1.7.tgz#69170c78b3ab957147b2b8b04572e47ead2243ff"
  integrity sha512-MJG9liiZ+ogc4TzUwuvbER1JRdgvUFSB5+VR/g5h82fGaIRWMWddtKBHi7/sVhfjQZ6SehlyhvQYrcYkaUIpLg==
  dependencies:
    cipher-base "^1.0.3"
    create-hash "^1.1.0"
    inherits "^2.0.1"
    ripemd160 "^2.0.0"
    safe-buffer "^5.0.1"
    sha.js "^2.4.8"

cuint@^0.2.2:
  version "0.2.2"
  resolved "https://registry.yarnpkg.com/cuint/-/cuint-0.2.2.tgz#408086d409550c2631155619e9fa7bcadc3b991b"
  integrity sha1-QICG1AlVDCYxFVYZ6fp7ytw7mRs=

d@1, d@^1.0.1:
  version "1.0.1"
  resolved "https://registry.yarnpkg.com/d/-/d-1.0.1.tgz#8698095372d58dbee346ffd0c7093f99f8f9eb5a"
  integrity sha512-m62ShEObQ39CfralilEQRjH6oAMtNCV1xJyEx5LpRYUVN+EviphDgUc/F3hnYbADmkiNs67Y+3ylmlG7Lnu+FA==
  dependencies:
    es5-ext "^0.10.50"
    type "^1.0.1"

debug@^2.2.0:
  version "2.6.9"
  resolved "https://registry.yarnpkg.com/debug/-/debug-2.6.9.tgz#5d128515df134ff327e90a4c93f4e077a536341f"
  integrity sha512-bC7ElrdJaJnPbAP+1EotYvqZsb3ecl5wi6Bfi6BJTUcNowp6cvspg0jXznRTKDjm/E7AdgFBVeAPVMNcKGsHMA==
  dependencies:
    ms "2.0.0"

debug@^4.1.1:
  version "4.1.1"
  resolved "https://registry.yarnpkg.com/debug/-/debug-4.1.1.tgz#3b72260255109c6b589cee050f1d516139664791"
  integrity sha512-pYAIzeRo8J6KPEaJ0VWOh5Pzkbw/RetuzehGM7QRRX5he4fPHx2rdKMB256ehJCkX+XRQm16eZLqLNS8RSZXZw==
  dependencies:
    ms "^2.1.1"

decamelize@^1.2.0:
  version "1.2.0"
  resolved "https://registry.yarnpkg.com/decamelize/-/decamelize-1.2.0.tgz#f6534d15148269b20352e7bee26f501f9a191290"
  integrity sha1-9lNNFRSCabIDUue+4m9QH5oZEpA=

elliptic@^6.5.2:
  version "6.5.2"
  resolved "https://registry.yarnpkg.com/elliptic/-/elliptic-6.5.2.tgz#05c5678d7173c049d8ca433552224a495d0e3762"
  integrity sha512-f4x70okzZbIQl/NSRLkI/+tteV/9WqL98zx+SQ69KbXxmVrmjwsNUPn/gYJJ0sHvEak24cZgHIPegRePAtA/xw==
  dependencies:
    bn.js "^4.4.0"
    brorand "^1.0.1"
    hash.js "^1.0.0"
    hmac-drbg "^1.0.0"
    inherits "^2.0.1"
    minimalistic-assert "^1.0.0"
    minimalistic-crypto-utils "^1.0.0"

encoding@^0.1.11:
  version "0.1.12"
  resolved "https://registry.yarnpkg.com/encoding/-/encoding-0.1.12.tgz#538b66f3ee62cd1ab51ec323829d1f9480c74beb"
  integrity sha1-U4tm8+5izRq1HsMjgp0flIDHS+s=
  dependencies:
    iconv-lite "~0.4.13"

es5-ext@^0.10.35, es5-ext@^0.10.45, es5-ext@^0.10.46, es5-ext@^0.10.50, es5-ext@~0.10.14, es5-ext@~0.10.2, es5-ext@~0.10.46:
  version "0.10.53"
  resolved "https://registry.yarnpkg.com/es5-ext/-/es5-ext-0.10.53.tgz#93c5a3acfdbef275220ad72644ad02ee18368de1"
  integrity sha512-Xs2Stw6NiNHWypzRTY1MtaG/uJlwCk8kH81920ma8mvN8Xq1gsfhZvpkImLQArw8AHnv8MT2I45J3c0R8slE+Q==
  dependencies:
    es6-iterator "~2.0.3"
    es6-symbol "~3.1.3"
    next-tick "~1.0.0"

es5class@^2.3.1:
  version "2.3.1"
  resolved "https://registry.yarnpkg.com/es5class/-/es5class-2.3.1.tgz#42c5c18a9016bcb0db28a4d340ebb831f55d1b66"
  integrity sha1-QsXBipAWvLDbKKTTQOu4MfVdG2Y=
  dependencies:
    better-curry "1.x.x"

es6-iterator@^2.0.3, es6-iterator@~2.0.3:
  version "2.0.3"
  resolved "https://registry.yarnpkg.com/es6-iterator/-/es6-iterator-2.0.3.tgz#a7de889141a05a94b0854403b2d0a0fbfa98f3b7"
  integrity sha1-p96IkUGgWpSwhUQDstCg+/qY87c=
  dependencies:
    d "1"
    es5-ext "^0.10.35"
    es6-symbol "^3.1.1"

es6-symbol@^3.1.1, es6-symbol@~3.1.3:
  version "3.1.3"
  resolved "https://registry.yarnpkg.com/es6-symbol/-/es6-symbol-3.1.3.tgz#bad5d3c1bcdac28269f4cb331e431c78ac705d18"
  integrity sha512-NJ6Yn3FuDinBaBRWl/q5X/s4koRHBrgKAu+yGI6JCBeiu3qrcbJhwT2GeR/EXVfylRk8dpQVJoLEFhK+Mu31NA==
  dependencies:
    d "^1.0.1"
    ext "^1.1.2"

es6-weak-map@^2.0.2:
  version "2.0.3"
  resolved "https://registry.yarnpkg.com/es6-weak-map/-/es6-weak-map-2.0.3.tgz#b6da1f16cc2cc0d9be43e6bdbfc5e7dfcdf31d53"
  integrity sha512-p5um32HOTO1kP+w7PRnB+5lQ43Z6muuMuIMffvDN8ZB4GcnjLBV6zGStpbASIMk4DCAvEaamhe2zhyCb/QXXsA==
  dependencies:
    d "1"
    es5-ext "^0.10.46"
    es6-iterator "^2.0.3"
    es6-symbol "^3.1.1"

event-emitter@^0.3.5:
  version "0.3.5"
  resolved "https://registry.yarnpkg.com/event-emitter/-/event-emitter-0.3.5.tgz#df8c69eef1647923c7157b9ce83840610b02cc39"
  integrity sha1-34xp7vFkeSPHFXuc6DhAYQsCzDk=
  dependencies:
    d "1"
    es5-ext "~0.10.14"

eventemitter3@^4.0.0:
  version "4.0.0"
  resolved "https://registry.yarnpkg.com/eventemitter3/-/eventemitter3-4.0.0.tgz#d65176163887ee59f386d64c82610b696a4a74eb"
  integrity sha512-qerSRB0p+UDEssxTtm6EDKcE7W4OaoisfIMl4CngyEhjpYglocpNg6UEqCvemdGhosAsg4sO2dXJOdyBifPGCg==

ext@^1.1.2:
  version "1.4.0"
  resolved "https://registry.yarnpkg.com/ext/-/ext-1.4.0.tgz#89ae7a07158f79d35517882904324077e4379244"
  integrity sha512-Key5NIsUxdqKg3vIsdw9dSuXpPCQ297y6wBjL30edxwPgt2E44WcWBZey/ZvUc6sERLTxKdyCu4gZFmUbk1Q7A==
  dependencies:
    type "^2.0.0"

faye-websocket@^0.11.3:
  version "0.11.3"
  resolved "https://registry.yarnpkg.com/faye-websocket/-/faye-websocket-0.11.3.tgz#5c0e9a8968e8912c286639fde977a8b209f2508e"
  integrity sha512-D2y4bovYpzziGgbHYtGCMjlJM36vAl/y+xUyn1C+FVx8szd1E+86KwVw6XvYSzOP8iMpm1X0I4xJD+QtUb36OA==
  dependencies:
    websocket-driver ">=0.5.1"

has-flag@^4.0.0:
  version "4.0.0"
  resolved "https://registry.yarnpkg.com/has-flag/-/has-flag-4.0.0.tgz#944771fd9c81c81265c4d6941860da06bb59479b"
  integrity sha512-EykJT/Q1KjTWctppgIAgfSO0tKVuZUjhgMr17kqTumMl6Afv3EISleU7qZUzoXDFTAHTDC4NOoG/ZxU3EvlMPQ==

hash-base@^3.0.0:
  version "3.0.4"
  resolved "https://registry.yarnpkg.com/hash-base/-/hash-base-3.0.4.tgz#5fc8686847ecd73499403319a6b0a3f3f6ae4918"
  integrity sha1-X8hoaEfs1zSZQDMZprCj8/auSRg=
  dependencies:
    inherits "^2.0.1"
    safe-buffer "^5.0.1"

hash.js@^1.0.0, hash.js@^1.0.3:
  version "1.1.7"
  resolved "https://registry.yarnpkg.com/hash.js/-/hash.js-1.1.7.tgz#0babca538e8d4ee4a0f8988d68866537a003cf42"
  integrity sha512-taOaskGt4z4SOANNseOviYDvjEJinIkRgmp7LbKP2YTTmVxWBl87s/uzK9r+44BclBSp2X7K1hqeNfz9JbBeXA==
  dependencies:
    inherits "^2.0.3"
    minimalistic-assert "^1.0.1"

hmac-drbg@^1.0.0:
  version "1.0.1"
  resolved "https://registry.yarnpkg.com/hmac-drbg/-/hmac-drbg-1.0.1.tgz#d2745701025a6c775a6c545793ed502fc0c649a1"
  integrity sha1-0nRXAQJabHdabFRXk+1QL8DGSaE=
  dependencies:
    hash.js "^1.0.3"
    minimalistic-assert "^1.0.0"
    minimalistic-crypto-utils "^1.0.1"

"http-parser-js@>=0.4.0 <0.4.11":
  version "0.4.10"
  resolved "https://registry.yarnpkg.com/http-parser-js/-/http-parser-js-0.4.10.tgz#92c9c1374c35085f75db359ec56cc257cbb93fa4"
  integrity sha1-ksnBN0w1CF912zWexWzCV8u5P6Q=

iconv-lite@~0.4.13:
  version "0.4.24"
  resolved "https://registry.yarnpkg.com/iconv-lite/-/iconv-lite-0.4.24.tgz#2022b4b25fbddc21d2f524974a474aafe733908b"
  integrity sha512-v3MXnZAcvnywkTUEZomIActle7RXXeedOR31wwl7VlyoXO4Qi9arvSenNQWne1TcRwhCL1HwLI21bEqdpj8/rA==
  dependencies:
    safer-buffer ">= 2.1.2 < 3"

inherits@^2.0.1, inherits@^2.0.3:
  version "2.0.4"
  resolved "https://registry.yarnpkg.com/inherits/-/inherits-2.0.4.tgz#0fa2c64f932917c3433a0ded55363aae37416b7c"
  integrity sha512-k/vGaX4/Yla3WzyMCvTQOXYeIHvqOKtnqBduzTHpzpQZzAskKMhZ2K+EnBiSM9zGSoIFeMpXKxa4dYeZIQqewQ==

ip-regex@^4.1.0:
  version "4.1.0"
  resolved "https://registry.yarnpkg.com/ip-regex/-/ip-regex-4.1.0.tgz#5ad62f685a14edb421abebc2fff8db94df67b455"
  integrity sha512-pKnZpbgCTfH/1NLIlOduP/V+WRXzC2MOz3Qo8xmxk8C5GudJLgK5QyLVXOSWy3ParAH7Eemurl3xjv/WXYFvMA==

is-promise@^2.1:
  version "2.1.0"
  resolved "https://registry.yarnpkg.com/is-promise/-/is-promise-2.1.0.tgz#79a2a9ece7f096e80f36d2b2f3bc16c1ff4bf3fa"
  integrity sha1-eaKp7OfwlugPNtKy87wWwf9L8/o=

is-stream@^1.0.1:
  version "1.1.0"
  resolved "https://registry.yarnpkg.com/is-stream/-/is-stream-1.1.0.tgz#12d4a3dd4e68e0b79ceb8dbc84173ae80d91ca44"
  integrity sha1-EtSj3U5o4Lec6428hBc66A2RykQ=

is-typedarray@^1.0.0:
  version "1.0.0"
  resolved "https://registry.yarnpkg.com/is-typedarray/-/is-typedarray-1.0.0.tgz#e479c80858df0c1b11ddda6940f96011fcda4a9a"
  integrity sha1-5HnICFjfDBsR3dppQPlgEfzaSpo=

isomorphic-fetch@^2.2.1:
  version "2.2.1"
  resolved "https://registry.yarnpkg.com/isomorphic-fetch/-/isomorphic-fetch-2.2.1.tgz#611ae1acf14f5e81f729507472819fe9733558a9"
  integrity sha1-YRrhrPFPXoH3KVB0coGf6XM1WKk=
  dependencies:
    node-fetch "^1.0.1"
    whatwg-fetch ">=0.10.0"

js-sha3@^0.8.0:
  version "0.8.0"
  resolved "https://registry.yarnpkg.com/js-sha3/-/js-sha3-0.8.0.tgz#b9b7a5da73afad7dedd0f8c463954cbde6818840"
  integrity sha512-gF1cRrHhIzNfToc802P800N8PpXS+evLLXfsVpowqmAFR9uwbi89WvXg2QspOmXL8QL86J4T1EpFu+yUkwJY3Q==

json-rpc2@^2.0.0:
  version "2.0.0"
  resolved "https://registry.yarnpkg.com/json-rpc2/-/json-rpc2-2.0.0.tgz#7935199f23cf3665fe6b19b03a85d4a3ea3d94b8"
  integrity sha512-0jfrGSH0ZDxrpaaHUkigg/oA6MQqsZDpKSpUzeokhP2jyy6h+cH4G+MPoAa4SVdw9sTzc+YK2hzhUgdShMzKow==
  dependencies:
    debug "^4.1.1"
    es5class "^2.3.1"
    faye-websocket "^0.11.3"
    jsonparse "^1.3.1"
    lodash "^4.17.15"
    object-assign "^4.1.1"

json5@2.1.0:
  version "2.1.0"
  resolved "https://registry.yarnpkg.com/json5/-/json5-2.1.0.tgz#e7a0c62c48285c628d20a10b85c89bb807c32850"
  integrity sha512-8Mh9h6xViijj36g7Dxi+Y4S6hNGV96vcJZr/SrlHh1LR/pEn/8j/+qIBbs44YKl69Lrfctp4QD+AdWLTMqEZAQ==
  dependencies:
    minimist "^1.2.0"

jsonparse@^1.3.1:
  version "1.3.1"
  resolved "https://registry.yarnpkg.com/jsonparse/-/jsonparse-1.3.1.tgz#3f4dae4a91fac315f71062f8521cc239f1366280"
  integrity sha1-P02uSpH6wxX3EGL4UhzCOfE2YoA=

lodash.clonedeep@4.5.0:
  version "4.5.0"
  resolved "https://registry.yarnpkg.com/lodash.clonedeep/-/lodash.clonedeep-4.5.0.tgz#e23f3f9c4f8fbdde872529c1071857a086e5ccef"
  integrity sha1-4j8/nE+Pvd6HJSnBBxhXoIblzO8=

lodash@^4.17.15:
  version "4.17.15"
  resolved "https://registry.yarnpkg.com/lodash/-/lodash-4.17.15.tgz#b447f6670a0455bbfeedd11392eff330ea097548"
  integrity sha512-8xOcRHvCjnocdS5cpwXQXVzmmh5e5+saE2QGoeQmbKmRS6J3VQppPOIt0MnmE+4xlZoumy0GPG0D0MVIQbNA1A==

lru-queue@0.1:
  version "0.1.0"
  resolved "https://registry.yarnpkg.com/lru-queue/-/lru-queue-0.1.0.tgz#2738bd9f0d3cf4f84490c5736c48699ac632cda3"
  integrity sha1-Jzi9nw089PhEkMVzbEhpmsYyzaM=
  dependencies:
    es5-ext "~0.10.2"

md5.js@^1.3.4:
  version "1.3.5"
  resolved "https://registry.yarnpkg.com/md5.js/-/md5.js-1.3.5.tgz#b5d07b8e3216e3e27cd728d72f70d1e6a342005f"
  integrity sha512-xitP+WxNPcTTOgnTJcrhM0xvdPepipPSf3I8EIpGKeFLjt3PlJLIDG3u8EX53ZIubkb+5U2+3rELYpEhHhzdkg==
  dependencies:
    hash-base "^3.0.0"
    inherits "^2.0.1"
    safe-buffer "^5.1.2"

memoizee@^0.4.14:
  version "0.4.14"
  resolved "https://registry.yarnpkg.com/memoizee/-/memoizee-0.4.14.tgz#07a00f204699f9a95c2d9e77218271c7cd610d57"
  integrity sha512-/SWFvWegAIYAO4NQMpcX+gcra0yEZu4OntmUdrBaWrJncxOqAziGFlHxc7yjKVK2uu3lpPW27P27wkR82wA8mg==
  dependencies:
    d "1"
    es5-ext "^0.10.45"
    es6-weak-map "^2.0.2"
    event-emitter "^0.3.5"
    is-promise "^2.1"
    lru-queue "0.1"
    next-tick "1"
    timers-ext "^0.1.5"

minimalistic-assert@^1.0.0, minimalistic-assert@^1.0.1:
  version "1.0.1"
  resolved "https://registry.yarnpkg.com/minimalistic-assert/-/minimalistic-assert-1.0.1.tgz#2e194de044626d4a10e7f7fbc00ce73e83e4d5c7"
  integrity sha512-UtJcAD4yEaGtjPezWuO9wC4nwUnVH/8/Im3yEHQP4b67cXlD/Qr9hdITCU1xDbSEXg2XKNaP8jsReV7vQd00/A==

minimalistic-crypto-utils@^1.0.0, minimalistic-crypto-utils@^1.0.1:
  version "1.0.1"
  resolved "https://registry.yarnpkg.com/minimalistic-crypto-utils/-/minimalistic-crypto-utils-1.0.1.tgz#f6c00c1c0b082246e5c4d99dfb8c7c083b2b582a"
  integrity sha1-9sAMHAsIIkblxNmd+4x8CDsrWCo=

minimist@^1.2.0:
  version "1.2.5"
  resolved "https://registry.yarnpkg.com/minimist/-/minimist-1.2.5.tgz#67d66014b66a6a8aaa0c083c5fd58df4e4e97602"
  integrity sha512-FM9nNUYrRBAELZQT3xeZQ7fmMOBg6nWNmJKTcgsJeaLstP/UODVpGsr5OhXhhXg6f+qtJ8uiZ+PUxkDWcgIXLw==

moment@2.24.0:
  version "2.24.0"
  resolved "https://registry.yarnpkg.com/moment/-/moment-2.24.0.tgz#0d055d53f5052aa653c9f6eb68bb5d12bf5c2b5b"
  integrity sha512-bV7f+6l2QigeBBZSM/6yTNq4P2fNpSWj/0e7jQcy87A8e7o2nAfP/34/2ky5Vw4B9S446EtIhodAzkFCcR4dQg==

ms@2.0.0:
  version "2.0.0"
  resolved "https://registry.yarnpkg.com/ms/-/ms-2.0.0.tgz#5608aeadfc00be6c2901df5f9861788de0d597c8"
  integrity sha1-VgiurfwAvmwpAd9fmGF4jeDVl8g=

ms@^2.1.1:
  version "2.1.2"
  resolved "https://registry.yarnpkg.com/ms/-/ms-2.1.2.tgz#d09d1f357b443f493382a8eb3ccd183872ae6009"
  integrity sha512-sGkPx+VjMtmA6MX27oA4FBFELFCZZ4S4XqeGOXCv68tT+jb3vk/RyaKWP0PTKyWtmLSM0b+adUTEvbs1PEaH2w==

nan@^2.14.0:
  version "2.14.1"
  resolved "https://registry.yarnpkg.com/nan/-/nan-2.14.1.tgz#d7be34dfa3105b91494c3147089315eff8874b01"
  integrity sha512-isWHgVjnFjh2x2yuJ/tj3JbwoHu3UC2dX5G/88Cm24yB6YopVgxvBObDY7n5xW6ExmFhJpSEQqFPvq9zaXc8Jw==

next-tick@1:
  version "1.1.0"
  resolved "https://registry.yarnpkg.com/next-tick/-/next-tick-1.1.0.tgz#1836ee30ad56d67ef281b22bd199f709449b35eb"
  integrity sha512-CXdUiJembsNjuToQvxayPZF9Vqht7hewsvy2sOWafLvi2awflj9mOC6bHIg50orX8IJvWKY9wYQ/zB2kogPslQ==

next-tick@~1.0.0:
  version "1.0.0"
  resolved "https://registry.yarnpkg.com/next-tick/-/next-tick-1.0.0.tgz#ca86d1fe8828169b0120208e3dc8424b9db8342c"
  integrity sha1-yobR/ogoFpsBICCOPchCS524NCw=

node-fetch@^1.0.1:
  version "1.7.3"
  resolved "https://registry.yarnpkg.com/node-fetch/-/node-fetch-1.7.3.tgz#980f6f72d85211a5347c6b2bc18c5b84c3eb47ef"
  integrity sha512-NhZ4CsKx7cYm2vSrBAr2PvFOe6sWDf0UYLRqA6svUYg7+/TSfVAu49jYC4BvQ4Sms9SZgdqGBgroqfDhJdTyKQ==
  dependencies:
    encoding "^0.1.11"
    is-stream "^1.0.1"

object-assign@^4.1.1:
  version "4.1.1"
  resolved "https://registry.yarnpkg.com/object-assign/-/object-assign-4.1.1.tgz#2109adc7965887cfc05cbbd442cac8bfbb360863"
  integrity sha1-IQmtx5ZYh8/AXLvUQsrIv7s2CGM=

pbkdf2@^3.0.17, pbkdf2@^3.0.9:
  version "3.0.17"
  resolved "https://registry.yarnpkg.com/pbkdf2/-/pbkdf2-3.0.17.tgz#976c206530617b14ebb32114239f7b09336e93a6"
  integrity sha512-U/il5MsrZp7mGg3mSQfn742na2T+1/vHDCG5/iTI3X9MKUuYUZVLQhyRsg06mCgDBTd57TxzgZt7P+fYfjRLtA==
  dependencies:
    create-hash "^1.1.2"
    create-hmac "^1.1.4"
    ripemd160 "^2.0.1"
    safe-buffer "^5.0.1"
    sha.js "^2.4.8"

randombytes@^2.0.1:
  version "2.1.0"
  resolved "https://registry.yarnpkg.com/randombytes/-/randombytes-2.1.0.tgz#df6f84372f0270dc65cdf6291349ab7a473d4f2a"
  integrity sha512-vYl3iOX+4CKUWuxGi9Ukhie6fsqXqS9FE2Zaic4tNFD2N2QQaXOMFbuKK4QmDHC0JO6B1Zp41J0LpT0oR68amQ==
  dependencies:
    safe-buffer "^5.1.0"

regenerator-runtime@^0.13.4:
  version "0.13.5"
  resolved "https://registry.yarnpkg.com/regenerator-runtime/-/regenerator-runtime-0.13.5.tgz#d878a1d094b4306d10b9096484b33ebd55e26697"
  integrity sha512-ZS5w8CpKFinUzOwW3c83oPeVXoNsrLsaCoLtJvAClH135j/R77RuymhiSErhm2lKcwSCIpmvIWSbDkIfAqKQlA==

ripemd160@^2.0.0, ripemd160@^2.0.1:
  version "2.0.2"
  resolved "https://registry.yarnpkg.com/ripemd160/-/ripemd160-2.0.2.tgz#a1c1a6f624751577ba5d07914cbc92850585890c"
  integrity sha512-ii4iagi25WusVoiC4B4lq7pbXfAp3D9v5CwfkY33vffw2+pkDjY1D8GaN7spsxvCSx8dkPqOZCEZyfxcmJG2IA==
  dependencies:
    hash-base "^3.0.0"
    inherits "^2.0.1"

rxjs@^6.5.5:
  version "6.5.5"
  resolved "https://registry.yarnpkg.com/rxjs/-/rxjs-6.5.5.tgz#c5c884e3094c8cfee31bf27eb87e54ccfc87f9ec"
  integrity sha512-WfQI+1gohdf0Dai/Bbmk5L5ItH5tYqm3ki2c5GdWhKjalzjg93N3avFjVStyZZz+A2Em+ZxKH5bNghw9UeylGQ==
  dependencies:
    tslib "^1.9.0"

safe-buffer@>=5.1.0, safe-buffer@^5.0.1, safe-buffer@^5.1.0, safe-buffer@^5.1.2:
  version "5.2.0"
  resolved "https://registry.yarnpkg.com/safe-buffer/-/safe-buffer-5.2.0.tgz#b74daec49b1148f88c64b68d49b1e815c1f2f519"
  integrity sha512-fZEwUGbVl7kouZs1jCdMLdt95hdIv0ZeHg6L7qPeciMZhZ+/gdesW4wgTARkrFWEpspjEATAzUGPG8N2jJiwbg==

"safer-buffer@>= 2.1.2 < 3":
  version "2.1.2"
  resolved "https://registry.yarnpkg.com/safer-buffer/-/safer-buffer-2.1.2.tgz#44fa161b0187b9549dd84bb91802f9bd8385cd6a"
  integrity sha512-YZo3K82SD7Riyi0E1EQPojLz7kpepnSQI9IyPbHHg1XXXevb5dJI7tpyN2ADxGcQbHG7vcyRHk0cbwqcQriUtg==

sha.js@^2.4.0, sha.js@^2.4.8:
  version "2.4.11"
  resolved "https://registry.yarnpkg.com/sha.js/-/sha.js-2.4.11.tgz#37a5cf0b81ecbc6943de109ba2960d1b26584ae7"
  integrity sha512-QMEp5B7cftE7APOjk5Y6xgrbWu+WkLVQwk8JNjZ8nKRciZaByEW6MubieAiToS7+dwvrjGhH8jRXz3MVd0AYqQ==
  dependencies:
    inherits "^2.0.1"
    safe-buffer "^5.0.1"

supports-color@^7.1.0:
  version "7.1.0"
  resolved "https://registry.yarnpkg.com/supports-color/-/supports-color-7.1.0.tgz#68e32591df73e25ad1c4b49108a2ec507962bfd1"
  integrity sha512-oRSIpR8pxT1Wr2FquTNnGet79b3BWljqOuoW/h4oBhxJ/HUbX5nX6JSruTkvXDCFMwDPvsaTTbvMLKZWSy0R5g==
  dependencies:
    has-flag "^4.0.0"

timers-ext@^0.1.5:
  version "0.1.7"
  resolved "https://registry.yarnpkg.com/timers-ext/-/timers-ext-0.1.7.tgz#6f57ad8578e07a3fb9f91d9387d65647555e25c6"
  integrity sha512-b85NUNzTSdodShTIbky6ZF02e8STtVVfD+fu4aXXShEELpozH+bCpJLYMPZbsABN2wDH7fJpqIoXxJpzbf0NqQ==
  dependencies:
    es5-ext "~0.10.46"
    next-tick "1"

tslib@^1.9.0:
  version "1.11.1"
  resolved "https://registry.yarnpkg.com/tslib/-/tslib-1.11.1.tgz#eb15d128827fbee2841549e171f45ed338ac7e35"
  integrity sha512-aZW88SY8kQbU7gpV19lN24LtXh/yD4ZZg6qieAJDDg+YBsJcSmLGK9QpnUjAKVG/xefmvJGd1WUmfpT/g6AJGA==

tweetnacl@^1.0.3:
  version "1.0.3"
  resolved "https://registry.yarnpkg.com/tweetnacl/-/tweetnacl-1.0.3.tgz#ac0af71680458d8a6378d0d0d050ab1407d35596"
  integrity sha512-6rt+RN7aOi1nGMyC4Xa5DdYiukl2UWCbcJft7YhxReBGQD7OAM8Pbxw6YMo4r2diNEA8FEmu32YOn9rhaiE5yw==

type@^1.0.1:
  version "1.2.0"
  resolved "https://registry.yarnpkg.com/type/-/type-1.2.0.tgz#848dd7698dafa3e54a6c479e759c4bc3f18847a0"
  integrity sha512-+5nt5AAniqsCnu2cEQQdpzCAh33kVx8n0VoFidKpB1dVVLAN/F+bgVOqOJqOnEnrhp222clB5p3vUlD+1QAnfg==

type@^2.0.0:
  version "2.0.0"
  resolved "https://registry.yarnpkg.com/type/-/type-2.0.0.tgz#5f16ff6ef2eb44f260494dae271033b29c09a9c3"
  integrity sha512-KBt58xCHry4Cejnc2ISQAF7QY+ORngsWfxezO68+12hKV6lQY8P/psIkcbjeHWn7MqcgciWJyCCevFMJdIXpow==

typedarray-to-buffer@^3.1.5:
  version "3.1.5"
  resolved "https://registry.yarnpkg.com/typedarray-to-buffer/-/typedarray-to-buffer-3.1.5.tgz#a97ee7a9ff42691b9f783ff1bc5112fe3fca9080"
  integrity sha512-zdu8XMNEDepKKR+XYOXAVPtWui0ly0NtohUscw+UmaHiAWT8hrV1rr//H6V+0DvJ3OQ19S979M0laLfX8rm82Q==
  dependencies:
    is-typedarray "^1.0.0"

validator@11.1.0:
  version "11.1.0"
  resolved "https://registry.yarnpkg.com/validator/-/validator-11.1.0.tgz#ac18cac42e0aa5902b603d7a5d9b7827e2346ac4"
  integrity sha512-qiQ5ktdO7CD6C/5/mYV4jku/7qnqzjrxb3C/Q5wR3vGGinHTgJZN/TdFT3ZX4vXhX2R1PXx42fB1cn5W+uJ4lg==

websocket-driver@>=0.5.1:
  version "0.7.3"
  resolved "https://registry.yarnpkg.com/websocket-driver/-/websocket-driver-0.7.3.tgz#a2d4e0d4f4f116f1e6297eba58b05d430100e9f9"
  integrity sha512-bpxWlvbbB459Mlipc5GBzzZwhoZgGEZLuqPaR0INBGnPAY1vdBX6hPnoFXiw+3yWxDuHyQjO2oXTMyS8A5haFg==
  dependencies:
    http-parser-js ">=0.4.0 <0.4.11"
    safe-buffer ">=5.1.0"
    websocket-extensions ">=0.1.1"

websocket-extensions@>=0.1.1:
  version "0.1.3"
  resolved "https://registry.yarnpkg.com/websocket-extensions/-/websocket-extensions-0.1.3.tgz#5d2ff22977003ec687a4b87073dfbbac146ccf29"
  integrity sha512-nqHUnMXmBzT0w570r2JpJxfiSD1IzoI+HGVdd3aZ0yNi3ngvQ4jv1dtHt5VGxfI2yj5yqImPhOK4vmIh2xMbGg==

websocket@^1.0.31:
  version "1.0.31"
  resolved "https://registry.yarnpkg.com/websocket/-/websocket-1.0.31.tgz#e5d0f16c3340ed87670e489ecae6144c79358730"
  integrity sha512-VAouplvGKPiKFDTeCCO65vYHsyay8DqoBSlzIO3fayrfOgU94lQN5a1uWVnFrMLceTJw/+fQXR5PGbUVRaHshQ==
  dependencies:
    debug "^2.2.0"
    es5-ext "^0.10.50"
    nan "^2.14.0"
    typedarray-to-buffer "^3.1.5"
    yaeti "^0.0.6"

whatwg-fetch@>=0.10.0:
  version "3.0.0"
  resolved "https://registry.yarnpkg.com/whatwg-fetch/-/whatwg-fetch-3.0.0.tgz#fc804e458cc460009b1a2b966bc8817d2578aefb"
  integrity sha512-9GSJUgz1D4MfyKU7KRqwOjXCXTqWdFNvEr7eUBYchQiVc744mqK/MzXPNR2WsPkmkOa4ywfg8C2n8h+13Bey1Q==

xxhashjs@^0.2.2:
  version "0.2.2"
  resolved "https://registry.yarnpkg.com/xxhashjs/-/xxhashjs-0.2.2.tgz#8a6251567621a1c46a5ae204da0249c7f8caa9d8"
  integrity sha512-AkTuIuVTET12tpsVIQo+ZU6f/qDmKuRUcjaqR+OIvm+aCBsZ95i7UVY5WJ9TMsSaZ0DA2WxoZ4acu0sPH+OKAw==
  dependencies:
    cuint "^0.2.2"

yaeti@^0.0.6:
  version "0.0.6"
  resolved "https://registry.yarnpkg.com/yaeti/-/yaeti-0.0.6.tgz#f26f484d72684cf42bedfb76970aa1608fbf9577"
  integrity sha1-8m9ITXJoTPQr7ft2lwqhYI+/lXc=

yargs-parser@13.0.0:
  version "13.0.0"
  resolved "https://registry.yarnpkg.com/yargs-parser/-/yargs-parser-13.0.0.tgz#3fc44f3e76a8bdb1cc3602e860108602e5ccde8b"
  integrity sha512-w2LXjoL8oRdRQN+hOyppuXs+V/fVAYtpcrRxZuF7Kt/Oc+Jr2uAcVntaUTNT6w5ihoWfFDpNY8CPx1QskxZ/pw==
  dependencies:
    camelcase "^5.0.0"
    decamelize "^1.2.0"
